# This file was autogenerated by Stack.
# You should not edit this file by hand.
# For more information, please see the documentation at:
#   https://docs.haskellstack.org/en/stable/topics/lock_files

packages:
- completed:
    hackage: hindent-6.1.1@sha256:455807f5de591d43a015f29b60d5afb56ee28966c909bb6943dd1cb8a618d59f,5435
    pantry-tree:
      sha256: 9264af93ec3bff20f8f0d95c8d9f3b44fe7c18078bae4591a7d6b47f2a98f75a
      size: 3419
  original:
    hackage: hindent-6.1.1
snapshots:
- completed:
    sha256: 238fa745b64f91184f9aa518fe04bdde6552533d169b0da5256670df83a0f1a9
    size: 721141
    url: https://raw.githubusercontent.com/commercialhaskell/stackage-snapshots/master/lts/22/44.yaml
  original: lts-22.44
